
Microsoft Visual Studio Solution File, Format Version 12.00
# Visual Studio Version 16
VisualStudioVersion = 16.0.34601.136
MinimumVisualStudioVersion = 10.0.40219.1
Project("{FAE04EC0-301F-11D3-BF4B-00C04F79EFBC}") = "projetoetec", "projetoetec\projetoetec.csproj", "{9DF5EF5B-983D-44E7-9E19-55F0241E8B7C}"
EndProject
Project("{FAE04EC0-301F-11D3-BF4B-00C04F79EFBC}") = "TelasEsqueciSenha", "..\..\..\..\..\EsqueciSenha\TelaEsqueceuSenha\TelasEsqueciSenha.csproj", "{C4A9ACAC-5FC4-4ECA-8CD3-55C2D8CDAD81}"
EndProject
Global
	GlobalSection(SolutionConfigurationPlatforms) = preSolution
		Debug|Any CPU = Debug|Any CPU
		Release|Any CPU = Release|Any CPU
	EndGlobalSection
	GlobalSection(ProjectConfigurationPlatforms) = postSolution
		{9DF5EF5B-983D-44E7-9E19-55F0241E8B7C}.Debug|Any CPU.ActiveCfg = Debug|Any CPU
		{9DF5EF5B-983D-44E7-9E19-55F0241E8B7C}.Debug|Any CPU.Build.0 = Debug|Any CPU
		{9DF5EF5B-983D-44E7-9E19-55F0241E8B7C}.Release|Any CPU.ActiveCfg = Release|Any CPU
		{9DF5EF5B-983D-44E7-9E19-55F0241E8B7C}.Release|Any CPU.Build.0 = Release|Any CPU
		{C4A9ACAC-5FC4-4ECA-8CD3-55C2D8CDAD81}.Debug|Any CPU.ActiveCfg = Debug|Any CPU
		{C4A9ACAC-5FC4-4ECA-8CD3-55C2D8CDAD81}.Debug|Any CPU.Build.0 = Debug|Any CPU
		{C4A9ACAC-5FC4-4ECA-8CD3-55C2D8CDAD81}.Release|Any CPU.ActiveCfg = Release|Any CPU
		{C4A9ACAC-5FC4-4ECA-8CD3-55C2D8CDAD81}.Release|Any CPU.Build.0 = Release|Any CPU
	EndGlobalSection
	GlobalSection(SolutionProperties) = preSolution
		HideSolutionNode = FALSE
	EndGlobalSection
	GlobalSection(ExtensibilityGlobals) = postSolution
		SolutionGuid = {8A2B3952-93C3-4A94-9191-9CE70CE5B243}
	EndGlobalSection
EndGlobal
